
Microsoft Visual Studio Solution File, Format Version 12.00
# Visual Studio Version 17
VisualStudioVersion = 17.0.31903.59
MinimumVisualStudioVersion = 10.0.40219.1
Project("{2150E333-8FDC-42A3-9474-1A3956D46DE8}") = "src", "src", "{827E0CD3-B72D-47B6-A68D-7590B98EB39B}"
EndProject
Project("{FAE04EC0-301F-11D3-BF4B-00C04F79EFBC}") = "ERPSystem.Domain", "src\ERPSystem.Domain\ERPSystem.Domain.csproj", "{C7C622BC-E417-4F6B-B5E6-FAF3C1598750}"
EndProject
Project("{FAE04EC0-301F-11D3-BF4B-00C04F79EFBC}") = "ERPSystem.Application", "src\ERPSystem.Application\ERPSystem.Application.csproj", "{948620C6-8F48-4609-BD91-F7FD26FA1DAE}"
EndProject
Project("{FAE04EC0-301F-11D3-BF4B-00C04F79EFBC}") = "ERPSystem.Infrastructure", "src\ERPSystem.Infrastructure\ERPSystem.Infrastructure.csproj", "{5FB9F77B-0CD7-4C2D-9435-0E30892DEFDA}"
EndProject
Project("{FAE04EC0-301F-11D3-BF4B-00C04F79EFBC}") = "ERPSystem.API", "src\ERPSystem.API\ERPSystem.API.csproj", "{A04D974A-6ED4-4740-8EA1-0A52447CD613}"
EndProject
Project("{FAE04EC0-301F-11D3-BF4B-00C04F79EFBC}") = "ERPSystem.Shared", "src\ERPSystem.Shared\ERPSystem.Shared.csproj", "{7FCC3185-56F8-4AFA-931F-AE9F80746993}"
EndProject
Project("{2150E333-8FDC-42A3-9474-1A3956D46DE8}") = "tests", "tests", "{0AB3BF05-4346-4AA6-1389-037BE0695223}"
EndProject
Project("{FAE04EC0-301F-11D3-BF4B-00C04F79EFBC}") = "ERPSystem.UnitTests", "tests\ERPSystem.UnitTests\ERPSystem.UnitTests.csproj", "{DFDF56ED-497A-428D-BF3E-D027213F6B88}"
EndProject
Project("{FAE04EC0-301F-11D3-BF4B-00C04F79EFBC}") = "ERPSystem.IntegrationTests", "tests\ERPSystem.IntegrationTests\ERPSystem.IntegrationTests.csproj", "{C86E2D38-B661-4E79-945C-FFBCF6B6EC8D}"
EndProject
Global
	GlobalSection(SolutionConfigurationPlatforms) = preSolution
		Debug|Any CPU = Debug|Any CPU
		Debug|x64 = Debug|x64
		Debug|x86 = Debug|x86
		Release|Any CPU = Release|Any CPU
		Release|x64 = Release|x64
		Release|x86 = Release|x86
	EndGlobalSection
	GlobalSection(ProjectConfigurationPlatforms) = postSolution
		{C7C622BC-E417-4F6B-B5E6-FAF3C1598750}.Debug|Any CPU.ActiveCfg = Debug|Any CPU
		{C7C622BC-E417-4F6B-B5E6-FAF3C1598750}.Debug|Any CPU.Build.0 = Debug|Any CPU
		{C7C622BC-E417-4F6B-B5E6-FAF3C1598750}.Debug|x64.ActiveCfg = Debug|Any CPU
		{C7C622BC-E417-4F6B-B5E6-FAF3C1598750}.Debug|x64.Build.0 = Debug|Any CPU
		{C7C622BC-E417-4F6B-B5E6-FAF3C1598750}.Debug|x86.ActiveCfg = Debug|Any CPU
		{C7C622BC-E417-4F6B-B5E6-FAF3C1598750}.Debug|x86.Build.0 = Debug|Any CPU
		{C7C622BC-E417-4F6B-B5E6-FAF3C1598750}.Release|Any CPU.ActiveCfg = Release|Any CPU
		{C7C622BC-E417-4F6B-B5E6-FAF3C1598750}.Release|Any CPU.Build.0 = Release|Any CPU
		{C7C622BC-E417-4F6B-B5E6-FAF3C1598750}.Release|x64.ActiveCfg = Release|Any CPU
		{C7C622BC-E417-4F6B-B5E6-FAF3C1598750}.Release|x64.Build.0 = Release|Any CPU
		{C7C622BC-E417-4F6B-B5E6-FAF3C1598750}.Release|x86.ActiveCfg = Release|Any CPU
		{C7C622BC-E417-4F6B-B5E6-FAF3C1598750}.Release|x86.Build.0 = Release|Any CPU
		{948620C6-8F48-4609-BD91-F7FD26FA1DAE}.Debug|Any CPU.ActiveCfg = Debug|Any CPU
		{948620C6-8F48-4609-BD91-F7FD26FA1DAE}.Debug|Any CPU.Build.0 = Debug|Any CPU
		{948620C6-8F48-4609-BD91-F7FD26FA1DAE}.Debug|x64.ActiveCfg = Debug|Any CPU
		{948620C6-8F48-4609-BD91-F7FD26FA1DAE}.Debug|x64.Build.0 = Debug|Any CPU
		{948620C6-8F48-4609-BD91-F7FD26FA1DAE}.Debug|x86.ActiveCfg = Debug|Any CPU
		{948620C6-8F48-4609-BD91-F7FD26FA1DAE}.Debug|x86.Build.0 = Debug|Any CPU
		{948620C6-8F48-4609-BD91-F7FD26FA1DAE}.Release|Any CPU.ActiveCfg = Release|Any CPU
		{948620C6-8F48-4609-BD91-F7FD26FA1DAE}.Release|Any CPU.Build.0 = Release|Any CPU
		{948620C6-8F48-4609-BD91-F7FD26FA1DAE}.Release|x64.ActiveCfg = Release|Any CPU
		{948620C6-8F48-4609-BD91-F7FD26FA1DAE}.Release|x64.Build.0 = Release|Any CPU
		{948620C6-8F48-4609-BD91-F7FD26FA1DAE}.Release|x86.ActiveCfg = Release|Any CPU
		{948620C6-8F48-4609-BD91-F7FD26FA1DAE}.Release|x86.Build.0 = Release|Any CPU
		{5FB9F77B-0CD7-4C2D-9435-0E30892DEFDA}.Debug|Any CPU.ActiveCfg = Debug|Any CPU
		{5FB9F77B-0CD7-4C2D-9435-0E30892DEFDA}.Debug|Any CPU.Build.0 = Debug|Any CPU
		{5FB9F77B-0CD7-4C2D-9435-0E30892DEFDA}.Debug|x64.ActiveCfg = Debug|Any CPU
		{5FB9F77B-0CD7-4C2D-9435-0E30892DEFDA}.Debug|x64.Build.0 = Debug|Any CPU
		{5FB9F77B-0CD7-4C2D-9435-0E30892DEFDA}.Debug|x86.ActiveCfg = Debug|Any CPU
		{5FB9F77B-0CD7-4C2D-9435-0E30892DEFDA}.Debug|x86.Build.0 = Debug|Any CPU
		{5FB9F77B-0CD7-4C2D-9435-0E30892DEFDA}.Release|Any CPU.ActiveCfg = Release|Any CPU
		{5FB9F77B-0CD7-4C2D-9435-0E30892DEFDA}.Release|Any CPU.Build.0 = Release|Any CPU
		{5FB9F77B-0CD7-4C2D-9435-0E30892DEFDA}.Release|x64.ActiveCfg = Release|Any CPU
		{5FB9F77B-0CD7-4C2D-9435-0E30892DEFDA}.Release|x64.Build.0 = Release|Any CPU
		{5FB9F77B-0CD7-4C2D-9435-0E30892DEFDA}.Release|x86.ActiveCfg = Release|Any CPU
		{5FB9F77B-0CD7-4C2D-9435-0E30892DEFDA}.Release|x86.Build.0 = Release|Any CPU
		{A04D974A-6ED4-4740-8EA1-0A52447CD613}.Debug|Any CPU.ActiveCfg = Debug|Any CPU
		{A04D974A-6ED4-4740-8EA1-0A52447CD613}.Debug|Any CPU.Build.0 = Debug|Any CPU
		{A04D974A-6ED4-4740-8EA1-0A52447CD613}.Debug|x64.ActiveCfg = Debug|Any CPU
		{A04D974A-6ED4-4740-8EA1-0A52447CD613}.Debug|x64.Build.0 = Debug|Any CPU
		{A04D974A-6ED4-4740-8EA1-0A52447CD613}.Debug|x86.ActiveCfg = Debug|Any CPU
		{A04D974A-6ED4-4740-8EA1-0A52447CD613}.Debug|x86.Build.0 = Debug|Any CPU
		{A04D974A-6ED4-4740-8EA1-0A52447CD613}.Release|Any CPU.ActiveCfg = Release|Any CPU
		{A04D974A-6ED4-4740-8EA1-0A52447CD613}.Release|Any CPU.Build.0 = Release|Any CPU
		{A04D974A-6ED4-4740-8EA1-0A52447CD613}.Release|x64.ActiveCfg = Release|Any CPU
		{A04D974A-6ED4-4740-8EA1-0A52447CD613}.Release|x64.Build.0 = Release|Any CPU
		{A04D974A-6ED4-4740-8EA1-0A52447CD613}.Release|x86.ActiveCfg = Release|Any CPU
		{A04D974A-6ED4-4740-8EA1-0A52447CD613}.Release|x86.Build.0 = Release|Any CPU
		{7FCC3185-56F8-4AFA-931F-AE9F80746993}.Debug|Any CPU.ActiveCfg = Debug|Any CPU
		{7FCC3185-56F8-4AFA-931F-AE9F80746993}.Debug|Any CPU.Build.0 = Debug|Any CPU
		{7FCC3185-56F8-4AFA-931F-AE9F80746993}.Debug|x64.ActiveCfg = Debug|Any CPU
		{7FCC3185-56F8-4AFA-931F-AE9F80746993}.Debug|x64.Build.0 = Debug|Any CPU
		{7FCC3185-56F8-4AFA-931F-AE9F80746993}.Debug|x86.ActiveCfg = Debug|Any CPU
		{7FCC3185-56F8-4AFA-931F-AE9F80746993}.Debug|x86.Build.0 = Debug|Any CPU
		{7FCC3185-56F8-4AFA-931F-AE9F80746993}.Release|Any CPU.ActiveCfg = Release|Any CPU
		{7FCC3185-56F8-4AFA-931F-AE9F80746993}.Release|Any CPU.Build.0 = Release|Any CPU
		{7FCC3185-56F8-4AFA-931F-AE9F80746993}.Release|x64.ActiveCfg = Release|Any CPU
		{7FCC3185-56F8-4AFA-931F-AE9F80746993}.Release|x64.Build.0 = Release|Any CPU
		{7FCC3185-56F8-4AFA-931F-AE9F80746993}.Release|x86.ActiveCfg = Release|Any CPU
		{7FCC3185-56F8-4AFA-931F-AE9F80746993}.Release|x86.Build.0 = Release|Any CPU
		{DFDF56ED-497A-428D-BF3E-D027213F6B88}.Debug|Any CPU.ActiveCfg = Debug|Any CPU
		{DFDF56ED-497A-428D-BF3E-D027213F6B88}.Debug|Any CPU.Build.0 = Debug|Any CPU
		{DFDF56ED-497A-428D-BF3E-D027213F6B88}.Debug|x64.ActiveCfg = Debug|Any CPU
		{DFDF56ED-497A-428D-BF3E-D027213F6B88}.Debug|x64.Build.0 = Debug|Any CPU
		{DFDF56ED-497A-428D-BF3E-D027213F6B88}.Debug|x86.ActiveCfg = Debug|Any CPU
		{DFDF56ED-497A-428D-BF3E-D027213F6B88}.Debug|x86.Build.0 = Debug|Any CPU
		{DFDF56ED-497A-428D-BF3E-D027213F6B88}.Release|Any CPU.ActiveCfg = Release|Any CPU
		{DFDF56ED-497A-428D-BF3E-D027213F6B88}.Release|Any CPU.Build.0 = Release|Any CPU
		{DFDF56ED-497A-428D-BF3E-D027213F6B88}.Release|x64.ActiveCfg = Release|Any CPU
		{DFDF56ED-497A-428D-BF3E-D027213F6B88}.Release|x64.Build.0 = Release|Any CPU
		{DFDF56ED-497A-428D-BF3E-D027213F6B88}.Release|x86.ActiveCfg = Release|Any CPU
		{DFDF56ED-497A-428D-BF3E-D027213F6B88}.Release|x86.Build.0 = Release|Any CPU
		{C86E2D38-B661-4E79-945C-FFBCF6B6EC8D}.Debug|Any CPU.ActiveCfg = Debug|Any CPU
		{C86E2D38-B661-4E79-945C-FFBCF6B6EC8D}.Debug|Any CPU.Build.0 = Debug|Any CPU
		{C86E2D38-B661-4E79-945C-FFBCF6B6EC8D}.Debug|x64.ActiveCfg = Debug|Any CPU
		{C86E2D38-B661-4E79-945C-FFBCF6B6EC8D}.Debug|x64.Build.0 = Debug|Any CPU
		{C86E2D38-B661-4E79-945C-FFBCF6B6EC8D}.Debug|x86.ActiveCfg = Debug|Any CPU
		{C86E2D38-B661-4E79-945C-FFBCF6B6EC8D}.Debug|x86.Build.0 = Debug|Any CPU
		{C86E2D38-B661-4E79-945C-FFBCF6B6EC8D}.Release|Any CPU.ActiveCfg = Release|Any CPU
		{C86E2D38-B661-4E79-945C-FFBCF6B6EC8D}.Release|Any CPU.Build.0 = Release|Any CPU
		{C86E2D38-B661-4E79-945C-FFBCF6B6EC8D}.Release|x64.ActiveCfg = Release|Any CPU
		{C86E2D38-B661-4E79-945C-FFBCF6B6EC8D}.Release|x64.Build.0 = Release|Any CPU
		{C86E2D38-B661-4E79-945C-FFBCF6B6EC8D}.Release|x86.ActiveCfg = Release|Any CPU
		{C86E2D38-B661-4E79-945C-FFBCF6B6EC8D}.Release|x86.Build.0 = Release|Any CPU
	EndGlobalSection
	GlobalSection(SolutionProperties) = preSolution
		HideSolutionNode = FALSE
	EndGlobalSection
	GlobalSection(NestedProjects) = preSolution
		{C7C622BC-E417-4F6B-B5E6-FAF3C1598750} = {827E0CD3-B72D-47B6-A68D-7590B98EB39B}
		{948620C6-8F48-4609-BD91-F7FD26FA1DAE} = {827E0CD3-B72D-47B6-A68D-7590B98EB39B}
		{5FB9F77B-0CD7-4C2D-9435-0E30892DEFDA} = {827E0CD3-B72D-47B6-A68D-7590B98EB39B}
		{A04D974A-6ED4-4740-8EA1-0A52447CD613} = {827E0CD3-B72D-47B6-A68D-7590B98EB39B}
		{7FCC3185-56F8-4AFA-931F-AE9F80746993} = {827E0CD3-B72D-47B6-A68D-7590B98EB39B}
		{DFDF56ED-497A-428D-BF3E-D027213F6B88} = {0AB3BF05-4346-4AA6-1389-037BE0695223}
		{C86E2D38-B661-4E79-945C-FFBCF6B6EC8D} = {0AB3BF05-4346-4AA6-1389-037BE0695223}
	EndGlobalSection
EndGlobal
