Microsoft Visual Studio Solution File, Format Version 12.00
# Visual Studio Version 17
VisualStudioVersion = 17.1.32328.378
MinimumVisualStudioVersion = 10.0.40219.1
Project("{FAE04EC0-301F-11D3-BF4B-00C04F79EFBC}") = "SendSPFT.Application", "SendSPFT.Application\SendSPFT.Application.csproj", "{5F0F3E9F-7ED1-6488-ED71-1538BEF94B19}"
EndProject
Project("{FAE04EC0-301F-11D3-BF4B-00C04F79EFBC}") = "SendSPFT.Application.Contracts", "SendSPFT.Application.Contracts\SendSPFT.Application.Contracts.csproj", "{6D7564BC-7F7D-ECA0-4A2A-079FF12C51E4}"
EndProject
Project("{FAE04EC0-301F-11D3-BF4B-00C04F79EFBC}") = "SendSPFT.Business", "SendSPFT.Business\SendSPFT.Business.csproj", "{1EC09982-A97A-A93F-2928-832B2591941B}"
EndProject
Project("{FAE04EC0-301F-11D3-BF4B-00C04F79EFBC}") = "SendSPFT.CrossCutting", "SendSPFT.CrossCutting\SendSPFT.CrossCutting.csproj", "{F41C7384-89D3-1842-3215-03540268240C}"
EndProject
Project("{FAE04EC0-301F-11D3-BF4B-00C04F79EFBC}") = "Internal.App.Worker.SendSPFT", "Internal.App.Worker.SendSPFT\Internal.App.Worker.SendSPFT.csproj", "{26CE7A38-F1D2-0884-17D1-D206F917B4D6}"
EndProject
Project("{FAE04EC0-301F-11D3-BF4B-00C04F79EFBC}") = "SendSPFT.Test", "SendSPFT.Test\SendSPFT.Test.csproj", "{9C93A177-CA40-43D5-BD2A-693B0E4827B7}"
EndProject
Project("{FAE04EC0-301F-11D3-BF4B-00C04F79EFBC}") = "SendSPFT.DataAccess", "SendSPFT.DataAccess\SendSPFT.DataAccess.csproj", "{E1281E83-2F38-BC42-50F2-D25394C9D258}"
EndProject
Project("{FAE04EC0-301F-11D3-BF4B-00C04F79EFBC}") = "SendSPFT.DataAccess.Contracts", "SendSPFT.DataAccess.Contracts\SendSPFT.DataAccess.Contracts.csproj", "{B1465D07-569F-676D-B2BC-287D9213B2D6}"
EndProject
Global
	GlobalSection(SolutionConfigurationPlatforms) = preSolution
		Debug|Any CPU = Debug|Any CPU
		Release|Any CPU = Release|Any CPU
	EndGlobalSection
	GlobalSection(ProjectConfigurationPlatforms) = postSolution
		{5F0F3E9F-7ED1-6488-ED71-1538BEF94B19}.Debug|Any CPU.ActiveCfg = Debug|Any CPU
		{5F0F3E9F-7ED1-6488-ED71-1538BEF94B19}.Debug|Any CPU.Build.0 = Debug|Any CPU
		{5F0F3E9F-7ED1-6488-ED71-1538BEF94B19}.Release|Any CPU.ActiveCfg = Release|Any CPU
		{5F0F3E9F-7ED1-6488-ED71-1538BEF94B19}.Release|Any CPU.Build.0 = Release|Any CPU
		{6D7564BC-7F7D-ECA0-4A2A-079FF12C51E4}.Debug|Any CPU.ActiveCfg = Debug|Any CPU
		{6D7564BC-7F7D-ECA0-4A2A-079FF12C51E4}.Debug|Any CPU.Build.0 = Debug|Any CPU
		{6D7564BC-7F7D-ECA0-4A2A-079FF12C51E4}.Release|Any CPU.ActiveCfg = Release|Any CPU
		{6D7564BC-7F7D-ECA0-4A2A-079FF12C51E4}.Release|Any CPU.Build.0 = Release|Any CPU
		{1EC09982-A97A-A93F-2928-832B2591941B}.Debug|Any CPU.ActiveCfg = Debug|Any CPU
		{1EC09982-A97A-A93F-2928-832B2591941B}.Debug|Any CPU.Build.0 = Debug|Any CPU
		{1EC09982-A97A-A93F-2928-832B2591941B}.Release|Any CPU.ActiveCfg = Release|Any CPU
		{1EC09982-A97A-A93F-2928-832B2591941B}.Release|Any CPU.Build.0 = Release|Any CPU
		{F41C7384-89D3-1842-3215-03540268240C}.Debug|Any CPU.ActiveCfg = Debug|Any CPU
		{F41C7384-89D3-1842-3215-03540268240C}.Debug|Any CPU.Build.0 = Debug|Any CPU
		{F41C7384-89D3-1842-3215-03540268240C}.Release|Any CPU.ActiveCfg = Release|Any CPU
		{F41C7384-89D3-1842-3215-03540268240C}.Release|Any CPU.Build.0 = Release|Any CPU
		{26CE7A38-F1D2-0884-17D1-D206F917B4D6}.Debug|Any CPU.ActiveCfg = Debug|Any CPU
		{26CE7A38-F1D2-0884-17D1-D206F917B4D6}.Debug|Any CPU.Build.0 = Debug|Any CPU
		{26CE7A38-F1D2-0884-17D1-D206F917B4D6}.Release|Any CPU.ActiveCfg = Release|Any CPU
		{26CE7A38-F1D2-0884-17D1-D206F917B4D6}.Release|Any CPU.Build.0 = Release|Any CPU
		{9C93A177-CA40-43D5-BD2A-693B0E4827B7}.Debug|Any CPU.ActiveCfg = Debug|Any CPU
		{9C93A177-CA40-43D5-BD2A-693B0E4827B7}.Debug|Any CPU.Build.0 = Debug|Any CPU
		{9C93A177-CA40-43D5-BD2A-693B0E4827B7}.Release|Any CPU.ActiveCfg = Release|Any CPU
		{9C93A177-CA40-43D5-BD2A-693B0E4827B7}.Release|Any CPU.Build.0 = Release|Any CPU
		{E1281E83-2F38-BC42-50F2-D25394C9D258}.Debug|Any CPU.ActiveCfg = Debug|Any CPU
		{E1281E83-2F38-BC42-50F2-D25394C9D258}.Debug|Any CPU.Build.0 = Debug|Any CPU
		{E1281E83-2F38-BC42-50F2-D25394C9D258}.Release|Any CPU.ActiveCfg = Release|Any CPU
		{E1281E83-2F38-BC42-50F2-D25394C9D258}.Release|Any CPU.Build.0 = Release|Any CPU
		{B1465D07-569F-676D-B2BC-287D9213B2D6}.Debug|Any CPU.ActiveCfg = Debug|Any CPU
		{B1465D07-569F-676D-B2BC-287D9213B2D6}.Debug|Any CPU.Build.0 = Debug|Any CPU
		{B1465D07-569F-676D-B2BC-287D9213B2D6}.Release|Any CPU.ActiveCfg = Release|Any CPU
		{B1465D07-569F-676D-B2BC-287D9213B2D6}.Release|Any CPU.Build.0 = Release|Any CPU
	EndGlobalSection
	GlobalSection(SolutionProperties) = preSolution
		HideSolutionNode = FALSE
	EndGlobalSection
	GlobalSection(ExtensibilityGlobals) = postSolution
		SolutionGuid = {0B2FB29B-416E-4492-A6AD-A760FA47587C}
	EndGlobalSection
EndGlobal
